
Microsoft Visual Studio Solution File, Format Version 12.00
# Visual Studio Version 17
VisualStudioVersion = 17.2.32519.379
MinimumVisualStudioVersion = 10.0.40219.1
Project("{9A19103F-16F7-4668-BE54-9A1E7A4F7556}") = "HR.LeaveManagement.Domain", "HR.LeaveManagement.Domain\HR.LeaveManagement.Domain.csproj", "{71CC4005-804A-4070-AD15-69ACE34DFD34}"
EndProject
Project("{2150E333-8FDC-42A3-9474-1A3956D46DE8}") = "src", "src", "{457D1DBE-AFFF-4A54-AD89-26C153313CE5}"
EndProject
Project("{2150E333-8FDC-42A3-9474-1A3956D46DE8}") = "test", "test", "{F6E9DAEF-69B7-4303-8A0C-28D708E70244}"
EndProject
Project("{2150E333-8FDC-42A3-9474-1A3956D46DE8}") = "API", "API", "{FFC203FE-1DAA-4DFF-AFE9-C79D6BA8C640}"
EndProject
Project("{2150E333-8FDC-42A3-9474-1A3956D46DE8}") = "core", "core", "{8B37ED42-FDD2-4184-899F-4CE79A5B0193}"
EndProject
Project("{2150E333-8FDC-42A3-9474-1A3956D46DE8}") = "Infrastructure", "Infrastructure", "{2ABC7855-CA0F-4467-96C9-F2106321E606}"
EndProject
Project("{2150E333-8FDC-42A3-9474-1A3956D46DE8}") = "UI", "UI", "{B296503E-EFBF-43AD-859D-A86656B18515}"
EndProject
Project("{9A19103F-16F7-4668-BE54-9A1E7A4F7556}") = "HR.LeaveManagement.Application", "HR.LeaveManagement.Application\HR.LeaveManagement.Application.csproj", "{BEE46FA6-F8B9-43C9-984C-94CB3E35ADE8}"
EndProject
Project("{9A19103F-16F7-4668-BE54-9A1E7A4F7556}") = "HR.LeaveManagement.Infrastructure", "HR.LeaveManagement.Infrastructure\HR.LeaveManagement.Infrastructure.csproj", "{954064D9-44BC-48FE-B571-98E999D1D774}"
EndProject
Project("{9A19103F-16F7-4668-BE54-9A1E7A4F7556}") = "HR.LeaveManagement.Persistence", "HR.LeaveManagement.Persistence\HR.LeaveManagement.Persistence.csproj", "{7C254752-9E72-4A76-B394-316DE496D481}"
EndProject
Project("{9A19103F-16F7-4668-BE54-9A1E7A4F7556}") = "HR.LeaveManagement.Api", "HR.LeaveManagement.Api\HR.LeaveManagement.Api.csproj", "{AB3D8C7E-5708-41D2-B8DB-CBC95F457F78}"
EndProject
Project("{9A19103F-16F7-4668-BE54-9A1E7A4F7556}") = "HR.LeaveManagement.Application.UnitTests", "HR.LeaveManagement.Application.UnitTests\HR.LeaveManagement.Application.UnitTests.csproj", "{9D024020-45F2-4B58-A463-9E9464D38D0E}"
EndProject
Project("{9A19103F-16F7-4668-BE54-9A1E7A4F7556}") = "HR.LeaveManagement.MVC", "HR.LeaveManagement.MVC\HR.LeaveManagement.MVC.csproj", "{D0AFD5AC-16A3-4EC6-A11C-431455D7B1B0}"
EndProject
Project("{9A19103F-16F7-4668-BE54-9A1E7A4F7556}") = "HR.LeaveManagement.Identity", "HR.LeaveManagement.Identity\HR.LeaveManagement.Identity.csproj", "{5EF79C9F-44F6-45C0-984F-F6F527CF7D60}"
EndProject
Global
	GlobalSection(SolutionConfigurationPlatforms) = preSolution
		Debug|Any CPU = Debug|Any CPU
		Release|Any CPU = Release|Any CPU
	EndGlobalSection
	GlobalSection(ProjectConfigurationPlatforms) = postSolution
		{71CC4005-804A-4070-AD15-69ACE34DFD34}.Debug|Any CPU.ActiveCfg = Debug|Any CPU
		{71CC4005-804A-4070-AD15-69ACE34DFD34}.Debug|Any CPU.Build.0 = Debug|Any CPU
		{71CC4005-804A-4070-AD15-69ACE34DFD34}.Release|Any CPU.ActiveCfg = Release|Any CPU
		{71CC4005-804A-4070-AD15-69ACE34DFD34}.Release|Any CPU.Build.0 = Release|Any CPU
		{BEE46FA6-F8B9-43C9-984C-94CB3E35ADE8}.Debug|Any CPU.ActiveCfg = Debug|Any CPU
		{BEE46FA6-F8B9-43C9-984C-94CB3E35ADE8}.Debug|Any CPU.Build.0 = Debug|Any CPU
		{BEE46FA6-F8B9-43C9-984C-94CB3E35ADE8}.Release|Any CPU.ActiveCfg = Release|Any CPU
		{BEE46FA6-F8B9-43C9-984C-94CB3E35ADE8}.Release|Any CPU.Build.0 = Release|Any CPU
		{954064D9-44BC-48FE-B571-98E999D1D774}.Debug|Any CPU.ActiveCfg = Debug|Any CPU
		{954064D9-44BC-48FE-B571-98E999D1D774}.Debug|Any CPU.Build.0 = Debug|Any CPU
		{954064D9-44BC-48FE-B571-98E999D1D774}.Release|Any CPU.ActiveCfg = Release|Any CPU
		{954064D9-44BC-48FE-B571-98E999D1D774}.Release|Any CPU.Build.0 = Release|Any CPU
		{7C254752-9E72-4A76-B394-316DE496D481}.Debug|Any CPU.ActiveCfg = Debug|Any CPU
		{7C254752-9E72-4A76-B394-316DE496D481}.Debug|Any CPU.Build.0 = Debug|Any CPU
		{7C254752-9E72-4A76-B394-316DE496D481}.Release|Any CPU.ActiveCfg = Release|Any CPU
		{7C254752-9E72-4A76-B394-316DE496D481}.Release|Any CPU.Build.0 = Release|Any CPU
		{AB3D8C7E-5708-41D2-B8DB-CBC95F457F78}.Debug|Any CPU.ActiveCfg = Debug|Any CPU
		{AB3D8C7E-5708-41D2-B8DB-CBC95F457F78}.Debug|Any CPU.Build.0 = Debug|Any CPU
		{AB3D8C7E-5708-41D2-B8DB-CBC95F457F78}.Release|Any CPU.ActiveCfg = Release|Any CPU
		{AB3D8C7E-5708-41D2-B8DB-CBC95F457F78}.Release|Any CPU.Build.0 = Release|Any CPU
		{9D024020-45F2-4B58-A463-9E9464D38D0E}.Debug|Any CPU.ActiveCfg = Debug|Any CPU
		{9D024020-45F2-4B58-A463-9E9464D38D0E}.Debug|Any CPU.Build.0 = Debug|Any CPU
		{9D024020-45F2-4B58-A463-9E9464D38D0E}.Release|Any CPU.ActiveCfg = Release|Any CPU
		{9D024020-45F2-4B58-A463-9E9464D38D0E}.Release|Any CPU.Build.0 = Release|Any CPU
		{D0AFD5AC-16A3-4EC6-A11C-431455D7B1B0}.Debug|Any CPU.ActiveCfg = Debug|Any CPU
		{D0AFD5AC-16A3-4EC6-A11C-431455D7B1B0}.Debug|Any CPU.Build.0 = Debug|Any CPU
		{D0AFD5AC-16A3-4EC6-A11C-431455D7B1B0}.Release|Any CPU.ActiveCfg = Release|Any CPU
		{D0AFD5AC-16A3-4EC6-A11C-431455D7B1B0}.Release|Any CPU.Build.0 = Release|Any CPU
		{5EF79C9F-44F6-45C0-984F-F6F527CF7D60}.Debug|Any CPU.ActiveCfg = Debug|Any CPU
		{5EF79C9F-44F6-45C0-984F-F6F527CF7D60}.Debug|Any CPU.Build.0 = Debug|Any CPU
		{5EF79C9F-44F6-45C0-984F-F6F527CF7D60}.Release|Any CPU.ActiveCfg = Release|Any CPU
		{5EF79C9F-44F6-45C0-984F-F6F527CF7D60}.Release|Any CPU.Build.0 = Release|Any CPU
	EndGlobalSection
	GlobalSection(SolutionProperties) = preSolution
		HideSolutionNode = FALSE
	EndGlobalSection
	GlobalSection(NestedProjects) = preSolution
		{71CC4005-804A-4070-AD15-69ACE34DFD34} = {8B37ED42-FDD2-4184-899F-4CE79A5B0193}
		{FFC203FE-1DAA-4DFF-AFE9-C79D6BA8C640} = {457D1DBE-AFFF-4A54-AD89-26C153313CE5}
		{8B37ED42-FDD2-4184-899F-4CE79A5B0193} = {457D1DBE-AFFF-4A54-AD89-26C153313CE5}
		{2ABC7855-CA0F-4467-96C9-F2106321E606} = {457D1DBE-AFFF-4A54-AD89-26C153313CE5}
		{B296503E-EFBF-43AD-859D-A86656B18515} = {457D1DBE-AFFF-4A54-AD89-26C153313CE5}
		{BEE46FA6-F8B9-43C9-984C-94CB3E35ADE8} = {8B37ED42-FDD2-4184-899F-4CE79A5B0193}
		{954064D9-44BC-48FE-B571-98E999D1D774} = {2ABC7855-CA0F-4467-96C9-F2106321E606}
		{7C254752-9E72-4A76-B394-316DE496D481} = {2ABC7855-CA0F-4467-96C9-F2106321E606}
		{AB3D8C7E-5708-41D2-B8DB-CBC95F457F78} = {FFC203FE-1DAA-4DFF-AFE9-C79D6BA8C640}
		{9D024020-45F2-4B58-A463-9E9464D38D0E} = {F6E9DAEF-69B7-4303-8A0C-28D708E70244}
		{D0AFD5AC-16A3-4EC6-A11C-431455D7B1B0} = {B296503E-EFBF-43AD-859D-A86656B18515}
		{5EF79C9F-44F6-45C0-984F-F6F527CF7D60} = {2ABC7855-CA0F-4467-96C9-F2106321E606}
	EndGlobalSection
	GlobalSection(ExtensibilityGlobals) = postSolution
		SolutionGuid = {B380FDE0-7FED-42F6-9BF5-BDC3DB68084B}
	EndGlobalSection
EndGlobal
